
Microsoft Visual Studio Solution File, Format Version 12.00
# Visual Studio Version 17
VisualStudioVersion = 17.9.34902.65
MinimumVisualStudioVersion = 10.0.40219.1
Project("{FAE04EC0-301F-11D3-BF4B-00C04F79EFBC}") = "TaskAPI", "TaskAPI\TaskAPI.csproj", "{01D6C737-B795-4767-8464-DE427C78CC2F}"
EndProject
Global
	GlobalSection(SolutionConfigurationPlatforms) = preSolution
		Debug|Any CPU = Debug|Any CPU
		Release|Any CPU = Release|Any CPU
	EndGlobalSection
	GlobalSection(ProjectConfigurationPlatforms) = postSolution
		{01D6C737-B795-4767-8464-DE427C78CC2F}.Debug|Any CPU.ActiveCfg = Debug|Any CPU
		{01D6C737-B795-4767-8464-DE427C78CC2F}.Debug|Any CPU.Build.0 = Debug|Any CPU
		{01D6C737-B795-4767-8464-DE427C78CC2F}.Release|Any CPU.ActiveCfg = Release|Any CPU
		{01D6C737-B795-4767-8464-DE427C78CC2F}.Release|Any CPU.Build.0 = Release|Any CPU
	EndGlobalSection
	GlobalSection(SolutionProperties) = preSolution
		HideSolutionNode = FALSE
	EndGlobalSection
	GlobalSection(ExtensibilityGlobals) = postSolution
		SolutionGuid = {A3FA2B3D-CAE6-46D1-B2AE-131E0A3B3583}
	EndGlobalSection
EndGlobal
